
Microsoft Visual Studio Solution File, Format Version 12.00
# Visual Studio Version 17
VisualStudioVersion = 17.5.002.0
MinimumVisualStudioVersion = 10.0.40219.1
Project("{9A19103F-16F7-4668-BE54-9A1E7A4F7556}") = "PioneerConverter", "PioneerConverter.csproj", "{FD3881C4-FDD2-4B0B-AE23-5831978B2B4F}"
EndProject
Global
	GlobalSection(SolutionConfigurationPlatforms) = preSolution
		Debug|Any CPU = Debug|Any CPU
		Release|Any CPU = Release|Any CPU
	EndGlobalSection
	GlobalSection(ProjectConfigurationPlatforms) = postSolution
		{FD3881C4-FDD2-4B0B-AE23-5831978B2B4F}.Debug|Any CPU.ActiveCfg = Debug|Any CPU
		{FD3881C4-FDD2-4B0B-AE23-5831978B2B4F}.Debug|Any CPU.Build.0 = Debug|Any CPU
		{FD3881C4-FDD2-4B0B-AE23-5831978B2B4F}.Release|Any CPU.ActiveCfg = Release|Any CPU
		{FD3881C4-FDD2-4B0B-AE23-5831978B2B4F}.Release|Any CPU.Build.0 = Release|Any CPU
	EndGlobalSection
	GlobalSection(SolutionProperties) = preSolution
		HideSolutionNode = FALSE
	EndGlobalSection
	GlobalSection(ExtensibilityGlobals) = postSolution
		SolutionGuid = {54A53DD7-13AE-4321-9103-C0DE87B4347D}
	EndGlobalSection
EndGlobal
